
Microsoft Visual Studio Solution File, Format Version 12.00
# Visual Studio Version 17
VisualStudioVersion = 17.14.36310.24
MinimumVisualStudioVersion = 10.0.40219.1
Project("{FAE04EC0-301F-11D3-BF4B-00C04F79EFBC}") = "leetcode1", "leetcode1\leetcode1.csproj", "{37323D0C-A65C-4CA7-9E76-DA4ED396FA8F}"
EndProject
Project("{FAE04EC0-301F-11D3-BF4B-00C04F79EFBC}") = "leetcode166", "leetcode166\leetcode166.csproj", "{396E50D2-226F-4F71-BF31-C5C6C659A887}"
EndProject
Project("{FAE04EC0-301F-11D3-BF4B-00C04F79EFBC}") = "leetcode120", "leetcode120\leetcode120.csproj", "{3D61EDD4-D5A0-445A-9CBE-ADC5AA37FD8D}"
EndProject
Project("{FAE04EC0-301F-11D3-BF4B-00C04F79EFBC}") = "leetcode611", "leetcode611\leetcode611.csproj", "{21D5F818-F30A-470A-9993-0AD433AF5AD6}"
EndProject
Project("{FAE04EC0-301F-11D3-BF4B-00C04F79EFBC}") = "leetcode812", "leetcode812\leetcode812.csproj", "{3152D037-EC29-4E25-8F70-4FEC07EC6E27}"
EndProject
Project("{FAE04EC0-301F-11D3-BF4B-00C04F79EFBC}") = "leetcode976", "leetcode976\leetcode976.csproj", "{B6A54430-66F4-4A3B-8243-B5BE5D2410F6}"
EndProject
Project("{FAE04EC0-301F-11D3-BF4B-00C04F79EFBC}") = "leetcode1039", "leetcode1039\leetcode1039.csproj", "{B503871B-650B-4E12-A6F8-398092C54453}"
EndProject
Project("{FAE04EC0-301F-11D3-BF4B-00C04F79EFBC}") = "leetcode2221", "leetcode2221\leetcode2221.csproj", "{A8C4A776-D681-4F08-ADD2-0D575EA66623}"
EndProject
Project("{FAE04EC0-301F-11D3-BF4B-00C04F79EFBC}") = "leetcode1518", "leetcode1518\leetcode1518.csproj", "{136C8B58-F53E-4B06-B438-8F7DEFA0CEC2}"
EndProject
Project("{FAE04EC0-301F-11D3-BF4B-00C04F79EFBC}") = "leetcode3100", "leetcode3100\leetcode3100.csproj", "{46FD0C66-1B86-4A6C-BDAD-03E2718AF557}"
EndProject
Global
	GlobalSection(SolutionConfigurationPlatforms) = preSolution
		Debug|Any CPU = Debug|Any CPU
		Release|Any CPU = Release|Any CPU
	EndGlobalSection
	GlobalSection(ProjectConfigurationPlatforms) = postSolution
		{37323D0C-A65C-4CA7-9E76-DA4ED396FA8F}.Debug|Any CPU.ActiveCfg = Debug|Any CPU
		{37323D0C-A65C-4CA7-9E76-DA4ED396FA8F}.Debug|Any CPU.Build.0 = Debug|Any CPU
		{37323D0C-A65C-4CA7-9E76-DA4ED396FA8F}.Release|Any CPU.ActiveCfg = Release|Any CPU
		{37323D0C-A65C-4CA7-9E76-DA4ED396FA8F}.Release|Any CPU.Build.0 = Release|Any CPU
		{396E50D2-226F-4F71-BF31-C5C6C659A887}.Debug|Any CPU.ActiveCfg = Debug|Any CPU
		{396E50D2-226F-4F71-BF31-C5C6C659A887}.Debug|Any CPU.Build.0 = Debug|Any CPU
		{396E50D2-226F-4F71-BF31-C5C6C659A887}.Release|Any CPU.ActiveCfg = Release|Any CPU
		{396E50D2-226F-4F71-BF31-C5C6C659A887}.Release|Any CPU.Build.0 = Release|Any CPU
		{3D61EDD4-D5A0-445A-9CBE-ADC5AA37FD8D}.Debug|Any CPU.ActiveCfg = Debug|Any CPU
		{3D61EDD4-D5A0-445A-9CBE-ADC5AA37FD8D}.Debug|Any CPU.Build.0 = Debug|Any CPU
		{3D61EDD4-D5A0-445A-9CBE-ADC5AA37FD8D}.Release|Any CPU.ActiveCfg = Release|Any CPU
		{3D61EDD4-D5A0-445A-9CBE-ADC5AA37FD8D}.Release|Any CPU.Build.0 = Release|Any CPU
		{21D5F818-F30A-470A-9993-0AD433AF5AD6}.Debug|Any CPU.ActiveCfg = Debug|Any CPU
		{21D5F818-F30A-470A-9993-0AD433AF5AD6}.Debug|Any CPU.Build.0 = Debug|Any CPU
		{21D5F818-F30A-470A-9993-0AD433AF5AD6}.Release|Any CPU.ActiveCfg = Release|Any CPU
		{21D5F818-F30A-470A-9993-0AD433AF5AD6}.Release|Any CPU.Build.0 = Release|Any CPU
		{3152D037-EC29-4E25-8F70-4FEC07EC6E27}.Debug|Any CPU.ActiveCfg = Debug|Any CPU
		{3152D037-EC29-4E25-8F70-4FEC07EC6E27}.Debug|Any CPU.Build.0 = Debug|Any CPU
		{3152D037-EC29-4E25-8F70-4FEC07EC6E27}.Release|Any CPU.ActiveCfg = Release|Any CPU
		{3152D037-EC29-4E25-8F70-4FEC07EC6E27}.Release|Any CPU.Build.0 = Release|Any CPU
		{B6A54430-66F4-4A3B-8243-B5BE5D2410F6}.Debug|Any CPU.ActiveCfg = Debug|Any CPU
		{B6A54430-66F4-4A3B-8243-B5BE5D2410F6}.Debug|Any CPU.Build.0 = Debug|Any CPU
		{B6A54430-66F4-4A3B-8243-B5BE5D2410F6}.Release|Any CPU.ActiveCfg = Release|Any CPU
		{B6A54430-66F4-4A3B-8243-B5BE5D2410F6}.Release|Any CPU.Build.0 = Release|Any CPU
		{B503871B-650B-4E12-A6F8-398092C54453}.Debug|Any CPU.ActiveCfg = Debug|Any CPU
		{B503871B-650B-4E12-A6F8-398092C54453}.Debug|Any CPU.Build.0 = Debug|Any CPU
		{B503871B-650B-4E12-A6F8-398092C54453}.Release|Any CPU.ActiveCfg = Release|Any CPU
		{B503871B-650B-4E12-A6F8-398092C54453}.Release|Any CPU.Build.0 = Release|Any CPU
		{A8C4A776-D681-4F08-ADD2-0D575EA66623}.Debug|Any CPU.ActiveCfg = Debug|Any CPU
		{A8C4A776-D681-4F08-ADD2-0D575EA66623}.Debug|Any CPU.Build.0 = Debug|Any CPU
		{A8C4A776-D681-4F08-ADD2-0D575EA66623}.Release|Any CPU.ActiveCfg = Release|Any CPU
		{A8C4A776-D681-4F08-ADD2-0D575EA66623}.Release|Any CPU.Build.0 = Release|Any CPU
		{136C8B58-F53E-4B06-B438-8F7DEFA0CEC2}.Debug|Any CPU.ActiveCfg = Debug|Any CPU
		{136C8B58-F53E-4B06-B438-8F7DEFA0CEC2}.Debug|Any CPU.Build.0 = Debug|Any CPU
		{136C8B58-F53E-4B06-B438-8F7DEFA0CEC2}.Release|Any CPU.ActiveCfg = Release|Any CPU
		{136C8B58-F53E-4B06-B438-8F7DEFA0CEC2}.Release|Any CPU.Build.0 = Release|Any CPU
		{46FD0C66-1B86-4A6C-BDAD-03E2718AF557}.Debug|Any CPU.ActiveCfg = Debug|Any CPU
		{46FD0C66-1B86-4A6C-BDAD-03E2718AF557}.Debug|Any CPU.Build.0 = Debug|Any CPU
		{46FD0C66-1B86-4A6C-BDAD-03E2718AF557}.Release|Any CPU.ActiveCfg = Release|Any CPU
		{46FD0C66-1B86-4A6C-BDAD-03E2718AF557}.Release|Any CPU.Build.0 = Release|Any CPU
	EndGlobalSection
	GlobalSection(SolutionProperties) = preSolution
		HideSolutionNode = FALSE
	EndGlobalSection
	GlobalSection(ExtensibilityGlobals) = postSolution
		SolutionGuid = {088E07F3-D938-494C-9522-4F0E9E4C88FD}
	EndGlobalSection
EndGlobal
